// !$*UTF8*$!
{
	archiveVersion = 1;
	classes = {
	};
	objectVersion = 46;
	objects = {

/* Begin PBXBuildFile section */
		C336FF61204F759700474CB7 /* AppDelegate.swift in Sources */ = {isa = PBXBuildFile; fileRef = C336FF60204F759700474CB7 /* AppDelegate.swift */; };
		C336FF63204F759700474CB7 /* ViewController.swift in Sources */ = {isa = PBXBuildFile; fileRef = C336FF62204F759700474CB7 /* ViewController.swift */; };
		C336FF66204F759700474CB7 /* Main.storyboard in Resources */ = {isa = PBXBuildFile; fileRef = C336FF64204F759700474CB7 /* Main.storyboard */; };
		C336FF68204F759700474CB7 /* Assets.xcassets in Resources */ = {isa = PBXBuildFile; fileRef = C336FF67204F759700474CB7 /* Assets.xcassets */; };
		C336FF6B204F759700474CB7 /* LaunchScreen.storyboard in Resources */ = {isa = PBXBuildFile; fileRef = C336FF69204F759700474CB7 /* LaunchScreen.storyboard */; };
		C3EF1D162096BCFA002BF165 /* Card.swift in Sources */ = {isa = PBXBuildFile; fileRef = C3EF1D152096BCFA002BF165 /* Card.swift */; };
		C3EF1D182096BE15002BF165 /* Concentration.swift in Sources */ = {isa = PBXBuildFile; fileRef = C3EF1D172096BE15002BF165 /* Concentration.swift */; };
/* End PBXBuildFile section */

/* Begin PBXFileReference section */
		C336FF5D204F759700474CB7 /* Concentration.app */ = {isa = PBXFileReference; explicitFileType = wrapper.application; includeInIndex = 0; path = Concentration.app; sourceTree = BUILT_PRODUCTS_DIR; };
		C336FF60204F759700474CB7 /* AppDelegate.swift */ = {isa = PBXFileReference; lastKnownFileType = sourcecode.swift; path = AppDelegate.swift; sourceTree = "<group>"; };
		C336FF62204F759700474CB7 /* ViewController.swift */ = {isa = PBXFileReference; lastKnownFileType = sourcecode.swift; path = ViewController.swift; sourceTree = "<group>"; };
		C336FF65204F759700474CB7 /* Base */ = {isa = PBXFileReference; lastKnownFileType = file.storyboard; name = Base; path = Base.lproj/Main.storyboard; sourceTree = "<group>"; };
		C336FF67204F759700474CB7 /* Assets.xcassets */ = {isa = PBXFileReference; lastKnownFileType = folder.assetcatalog; path = Assets.xcassets; sourceTree = "<group>"; };
		C336FF6A204F759700474CB7 /* Base */ = {isa = PBXFileReference; lastKnownFileType = file.storyboard; name = Base; path = Base.lproj/LaunchScreen.storyboard; sourceTree = "<group>"; };
		C336FF6C204F759700474CB7 /* Info.plist */ = {isa = PBXFileReference; lastKnownFileType = text.plist.xml; path = Info.plist; sourceTree = "<group>"; };
		C3EF1D152096BCFA002BF165 /* Card.swift */ = {isa = PBXFileReference; lastKnownFileType = sourcecode.swift; path = Card.swift; sourceTree = "<group>"; };
		C3EF1D172096BE15002BF165 /* Concentration.swift */ = {isa = PBXFileReference; lastKnownFileType = sourcecode.swift; path = Concentration.swift; sourceTree = "<group>"; };
/* End PBXFileReference section */

/* Begin PBXFrameworksBuildPhase section */
		C336FF5A204F759700474CB7 /* Frameworks */ = {
			isa = PBXFrameworksBuildPhase;
			buildActionMask = 2147483647;
			files = (
			);
			runOnlyForDeploymentPostprocessing = 0;
		};
/* End PBXFrameworksBuildPhase section */

/* Begin PBXGroup section */
		C336FF54204F759700474CB7 = {
			isa = PBXGroup;
			children = (
				C336FF5F204F759700474CB7 /* Concentration */,
				C336FF5E204F759700474CB7 /* Products */,
			);
			sourceTree = "<group>";
		};
		C336FF5E204F759700474CB7 /* Products */ = {
			isa = PBXGroup;
			children = (
				C336FF5D204F759700474CB7 /* Concentration.app */,
			);
			name = Products;
			sourceTree = "<group>";
		};
		C336FF5F204F759700474CB7 /* Concentration */ = {
			isa = PBXGroup;
			children = (
				C336FF62204F759700474CB7 /* ViewController.swift */,
				C336FF64204F759700474CB7 /* Main.storyboard */,
				C336FF72204F7D7400474CB7 /* Supporting Files */,
				C336FF6C204F759700474CB7 /* Info.plist */,
				C3EF1D152096BCFA002BF165 /* Card.swift */,
				C3EF1D172096BE15002BF165 /* Concentration.swift */,
			);
			path = Concentration;
			sourceTree = "<group>";
		};
		C336FF72204F7D7400474CB7 /* Supporting Files */ = {
			isa = PBXGroup;
			children = (
				C336FF60204F759700474CB7 /* AppDelegate.swift */,
				C336FF67204F759700474CB7 /* Assets.xcassets */,
				C336FF69204F759700474CB7 /* LaunchScreen.storyboard */,
			);
			name = "Supporting Files";
			sourceTree = "<group>";
		};
/* End PBXGroup section */

/* Begin PBXNativeTarget section */
		C336FF5C204F759700474CB7 /* Concentration */ = {
			isa = PBXNativeTarget;
			buildConfigurationList = C336FF6F204F759700474CB7 /* Build configuration list for PBXNativeTarget "Concentration" */;
			buildPhases = (
				C336FF59204F759700474CB7 /* Sources */,
				C336FF5A204F759700474CB7 /* Frameworks */,
				C336FF5B204F759700474CB7 /* Resources */,
			);
			buildRules = (
			);
			dependencies = (
			);
			name = Concentration;
			productName = Concentration;
			productReference = C336FF5D204F759700474CB7 /* Concentration.app */;
			productType = "com.apple.product-type.application";
		};
/* End PBXNativeTarget section */

/* Begin PBXProject section */
		C336FF55204F759700474CB7 /* Project object */ = {
			isa = PBXProject;
			attributes = {
				LastSwiftUpdateCheck = 0830;
				LastUpgradeCheck = 0830;
				ORGANIZATIONNAME = "Vasanthakumar Annadurai";
				TargetAttributes = {
					C336FF5C204F759700474CB7 = {
						CreatedOnToolsVersion = 8.3.3;
						DevelopmentTeam = FZY9HPGWFV;
						ProvisioningStyle = Automatic;
					};
				};
			};
			buildConfigurationList = C336FF58204F759700474CB7 /* Build configuration list for PBXProject "Concentration" */;
			compatibilityVersion = "Xcode 3.2";
			developmentRegion = English;
			hasScannedForEncodings = 0;
			knownRegions = (
				en,
				Base,
			);
			mainGroup = C336FF54204F759700474CB7;
			productRefGroup = C336FF5E204F759700474CB7 /* Products */;
			projectDirPath = "";
			projectRoot = "";
			targets = (
				C336FF5C204F759700474CB7 /* Concentration */,
			);
		};
/* End PBXProject section */

/* Begin PBXResourcesBuildPhase section */
		C336FF5B204F759700474CB7 /* Resources */ = {
			isa = PBXResourcesBuildPhase;
			buildActionMask = 2147483647;
			files = (
				C336FF6B204F759700474CB7 /* LaunchScreen.storyboard in Resources */,
				C336FF68204F759700474CB7 /* Assets.xcassets in Resources */,
				C336FF66204F759700474CB7 /* Main.storyboard in Resources */,
			);
			runOnlyForDeploymentPostprocessing = 0;
		};
/* End PBXResourcesBuildPhase section */

/* Begin PBXSourcesBuildPhase section */
		C336FF59204F759700474CB7 /* Sources */ = {
			isa = PBXSourcesBuildPhase;
			buildActionMask = 2147483647;
			files = (
				C336FF63204F759700474CB7 /* ViewController.swift in Sources */,
				C3EF1D182096BE15002BF165 /* Concentration.swift in Sources */,
				C3EF1D162096BCFA002BF165 /* Card.swift in Sources */,
				C336FF61204F759700474CB7 /* AppDelegate.swift in Sources */,
			);
			runOnlyForDeploymentPostprocessing = 0;
		};
/* End PBXSourcesBuildPhase section */

/* Begin PBXVariantGroup section */
		C336FF64204F759700474CB7 /* Main.storyboard */ = {
			isa = PBXVariantGroup;
			children = (
				C336FF65204F759700474CB7 /* Base */,
			);
			name = Main.storyboard;
			sourceTree = "<group>";
		};
		C336FF69204F759700474CB7 /* LaunchScreen.storyboard */ = {
			isa = PBXVariantGroup;
			children = (
				C336FF6A204F759700474CB7 /* Base */,
			);
			name = LaunchScreen.storyboard;
			sourceTree = "<group>";
		};
/* End PBXVariantGroup section */

/* Begin XCBuildConfiguration section */
		C336FF6D204F759700474CB7 /* Debug */ = {
			isa = XCBuildConfiguration;
			buildSettings = {
				ALWAYS_SEARCH_USER_PATHS = NO;
				CLANG_ANALYZER_NONNULL = YES;
				CLANG_ANALYZER_NUMBER_OBJECT_CONVERSION = YES_AGGRESSIVE;
				CLANG_CXX_LANGUAGE_STANDARD = "gnu++0x";
				CLANG_CXX_LIBRARY = "libc++";
				CLANG_ENABLE_MODULES = YES;
				CLANG_ENABLE_OBJC_ARC = YES;
				CLANG_WARN_BOOL_CONVERSION = YES;
				CLANG_WARN_CONSTANT_CONVERSION = YES;
				CLANG_WARN_DIRECT_OBJC_ISA_USAGE = YES_ERROR;
				CLANG_WARN_DOCUMENTATION_COMMENTS = YES;
				CLANG_WARN_EMPTY_BODY = YES;
				CLANG_WARN_ENUM_CONVERSION = YES;
				CLANG_WARN_INFINITE_RECURSION = YES;
				CLANG_WARN_INT_CONVERSION = YES;
				CLANG_WARN_OBJC_ROOT_CLASS = YES_ERROR;
				CLANG_WARN_SUSPICIOUS_MOVE = YES;
				CLANG_WARN_UNREACHABLE_CODE = YES;
				CLANG_WARN__DUPLICATE_METHOD_MATCH = YES;
				"CODE_SIGN_IDENTITY[sdk=iphoneos*]" = "iPhone Developer";
				COPY_PHASE_STRIP = NO;
				DEBUG_INFORMATION_FORMAT = dwarf;
				ENABLE_STRICT_OBJC_MSGSEND = YES;
				ENABLE_TESTABILITY = YES;
				GCC_C_LANGUAGE_STANDARD = gnu99;
				GCC_DYNAMIC_NO_PIC = NO;
				GCC_NO_COMMON_BLOCKS = YES;
				GCC_OPTIMIZATION_LEVEL = 0;
				GCC_PREPROCESSOR_DEFINITIONS = (
					"DEBUG=1",
					"$(inherited)",
				);
				GCC_WARN_64_TO_32_BIT_CONVERSION = YES;
				GCC_WARN_ABOUT_RETURN_TYPE = YES_ERROR;
				GCC_WARN_UNDECLARED_SELECTOR = YES;
				GCC_WARN_UNINITIALIZED_AUTOS = YES_AGGRESSIVE;
				GCC_WARN_UNUSED_FUNCTION = YES;
				GCC_WARN_UNUSED_VARIABLE = YES;
				IPHONEOS_DEPLOYMENT_TARGET = 10.3;
				MTL_ENABLE_DEBUG_INFO = YES;
				ONLY_ACTIVE_ARCH = YES;
				SDKROOT = iphoneos;
				SWIFT_ACTIVE_COMPILATION_CONDITIONS = DEBUG;
				SWIFT_OPTIMIZATION_LEVEL = "-Onone";
				TARGETED_DEVICE_FAMILY = "1,2";
			};
			name = Debug;
		};
		C336FF6E204F759700474CB7 /* Release */ = {
			isa = XCBuildConfiguration;
			buildSettings = {
				ALWAYS_SEARCH_USER_PATHS = NO;
				CLANG_ANALYZER_NONNULL = YES;
				CLANG_ANALYZER_NUMBER_OBJECT_CONVERSION = YES_AGGRESSIVE;
				CLANG_CXX_LANGUAGE_STANDARD = "gnu++0x";
				CLANG_CXX_LIBRARY = "libc++";
				CLANG_ENABLE_MODULES = YES;
				CLANG_ENABLE_OBJC_ARC = YES;
				CLANG_WARN_BOOL_CONVERSION = YES;
				CLANG_WARN_CONSTANT_CONVERSION = YES;
				CLANG_WARN_DIRECT_OBJC_ISA_USAGE = YES_ERROR;
				CLANG_WARN_DOCUMENTATION_COMMENTS = YES;
				CLANG_WARN_EMPTY_BODY = YES;
				CLANG_WARN_ENUM_CONVERSION = YES;
				CLANG_WARN_INFINITE_RECURSION = YES;
				CLANG_WARN_INT_CONVERSION = YES;
				CLANG_WARN_OBJC_ROOT_CLASS = YES_ERROR;
				CLANG_WARN_SUSPICIOUS_MOVE = YES;
				CLANG_WARN_UNREACHABLE_CODE = YES;
				CLANG_WARN__DUPLICATE_METHOD_MATCH = YES;
				"CODE_SIGN_IDENTITY[sdk=iphoneos*]" = "iPhone Developer";
				COPY_PHASE_STRIP = NO;
				DEBUG_INFORMATION_FORMAT = "dwarf-with-dsym";
				ENABLE_NS_ASSERTIONS = NO;
				ENABLE_STRICT_OBJC_MSGSEND = YES;
				GCC_C_LANGUAGE_STANDARD = gnu99;
				GCC_NO_COMMON_BLOCKS = YES;
				GCC_WARN_64_TO_32_BIT_CONVERSION = YES;
				GCC_WARN_ABOUT_RETURN_TYPE = YES_ERROR;
				GCC_WARN_UNDECLARED_SELECTOR = YES;
				GCC_WARN_UNINITIALIZED_AUTOS = YES_AGGRESSIVE;
				GCC_WARN_UNUSED_FUNCTION = YES;
				GCC_WARN_UNUSED_VARIABLE = YES;
				IPHONEOS_DEPLOYMENT_TARGET = 10.3;
				MTL_ENABLE_DEBUG_INFO = NO;
				SDKROOT = iphoneos;
				SWIFT_OPTIMIZATION_LEVEL = "-Owholemodule";
				TARGETED_DEVICE_FAMILY = "1,2";
				VALIDATE_PRODUCT = YES;
			};
			name = Release;
		};
		C336FF70204F759700474CB7 /* Debug */ = {
			isa = XCBuildConfiguration;
			buildSettings = {
				ASSETCATALOG_COMPILER_APPICON_NAME = AppIcon;
				DEVELOPMENT_TEAM = FZY9HPGWFV;
				INFOPLIST_FILE = Concentration/Info.plist;
				LD_RUNPATH_SEARCH_PATHS = "$(inherited) @executable_path/Frameworks";
				PRODUCT_BUNDLE_IDENTIFIER = com.vasanth.Concentration;
				PRODUCT_NAME = "$(TARGET_NAME)";
				SWIFT_VERSION = 3.0;
			};
			name = Debug;
		};
		C336FF71204F759700474CB7 /* Release */ = {
			isa = XCBuildConfiguration;
			buildSettings = {
				ASSETCATALOG_COMPILER_APPICON_NAME = AppIcon;
				DEVELOPMENT_TEAM = FZY9HPGWFV;
				INFOPLIST_FILE = Concentration/Info.plist;
				LD_RUNPATH_SEARCH_PATHS = "$(inherited) @executable_path/Frameworks";
				PRODUCT_BUNDLE_IDENTIFIER = com.vasanth.Concentration;
				PRODUCT_NAME = "$(TARGET_NAME)";
				SWIFT_VERSION = 3.0;
			};
			name = Release;
		};
/* End XCBuildConfiguration section */

/* Begin XCConfigurationList section */
		C336FF58204F759700474CB7 /* Build configuration list for PBXProject "Concentration" */ = {
			isa = XCConfigurationList;
			buildConfigurations = (
				C336FF6D204F759700474CB7 /* Debug */,
				C336FF6E204F759700474CB7 /* Release */,
			);
			defaultConfigurationIsVisible = 0;
			defaultConfigurationName = Release;
		};
		C336FF6F204F759700474CB7 /* Build configuration list for PBXNativeTarget "Concentration" */ = {
			isa = XCConfigurationList;
			buildConfigurations = (
				C336FF70204F759700474CB7 /* Debug */,
				C336FF71204F759700474CB7 /* Release */,
			);
			defaultConfigurationIsVisible = 0;
			defaultConfigurationName = Release;
		};
/* End XCConfigurationList section */
	};
	rootObject = C336FF55204F759700474CB7 /* Project object */;
}
